
Microsoft Visual Studio Solution File, Format Version 12.00
# Visual Studio 15
VisualStudioVersion = 15.0.26124.0
MinimumVisualStudioVersion = 15.0.26124.0
Project("{FAE04EC0-301F-11D3-BF4B-00C04F79EFBC}") = "Aggregator", "Aggregator\Aggregator.csproj", "{0AF0C086-B906-4AC3-BC44-1EAC7CB085CA}"
EndProject
Project("{FAE04EC0-301F-11D3-BF4B-00C04F79EFBC}") = "Aggregator.Tests", "Aggregator.Tests\Aggregator.Tests.csproj", "{1C8B9717-588F-4739-BD8E-DAD36FEC547A}"
EndProject
Global
	GlobalSection(SolutionConfigurationPlatforms) = preSolution
		Debug|Any CPU = Debug|Any CPU
		Debug|x64 = Debug|x64
		Debug|x86 = Debug|x86
		Release|Any CPU = Release|Any CPU
		Release|x64 = Release|x64
		Release|x86 = Release|x86
	EndGlobalSection
	GlobalSection(SolutionProperties) = preSolution
		HideSolutionNode = FALSE
	EndGlobalSection
	GlobalSection(ProjectConfigurationPlatforms) = postSolution
		{0AF0C086-B906-4AC3-BC44-1EAC7CB085CA}.Debug|Any CPU.ActiveCfg = Debug|Any CPU
		{0AF0C086-B906-4AC3-BC44-1EAC7CB085CA}.Debug|Any CPU.Build.0 = Debug|Any CPU
		{0AF0C086-B906-4AC3-BC44-1EAC7CB085CA}.Debug|x64.ActiveCfg = Debug|Any CPU
		{0AF0C086-B906-4AC3-BC44-1EAC7CB085CA}.Debug|x64.Build.0 = Debug|Any CPU
		{0AF0C086-B906-4AC3-BC44-1EAC7CB085CA}.Debug|x86.ActiveCfg = Debug|Any CPU
		{0AF0C086-B906-4AC3-BC44-1EAC7CB085CA}.Debug|x86.Build.0 = Debug|Any CPU
		{0AF0C086-B906-4AC3-BC44-1EAC7CB085CA}.Release|Any CPU.ActiveCfg = Release|Any CPU
		{0AF0C086-B906-4AC3-BC44-1EAC7CB085CA}.Release|Any CPU.Build.0 = Release|Any CPU
		{0AF0C086-B906-4AC3-BC44-1EAC7CB085CA}.Release|x64.ActiveCfg = Release|Any CPU
		{0AF0C086-B906-4AC3-BC44-1EAC7CB085CA}.Release|x64.Build.0 = Release|Any CPU
		{0AF0C086-B906-4AC3-BC44-1EAC7CB085CA}.Release|x86.ActiveCfg = Release|Any CPU
		{0AF0C086-B906-4AC3-BC44-1EAC7CB085CA}.Release|x86.Build.0 = Release|Any CPU
		{1C8B9717-588F-4739-BD8E-DAD36FEC547A}.Debug|Any CPU.ActiveCfg = Debug|Any CPU
		{1C8B9717-588F-4739-BD8E-DAD36FEC547A}.Debug|Any CPU.Build.0 = Debug|Any CPU
		{1C8B9717-588F-4739-BD8E-DAD36FEC547A}.Debug|x64.ActiveCfg = Debug|Any CPU
		{1C8B9717-588F-4739-BD8E-DAD36FEC547A}.Debug|x64.Build.0 = Debug|Any CPU
		{1C8B9717-588F-4739-BD8E-DAD36FEC547A}.Debug|x86.ActiveCfg = Debug|Any CPU
		{1C8B9717-588F-4739-BD8E-DAD36FEC547A}.Debug|x86.Build.0 = Debug|Any CPU
		{1C8B9717-588F-4739-BD8E-DAD36FEC547A}.Release|Any CPU.ActiveCfg = Release|Any CPU
		{1C8B9717-588F-4739-BD8E-DAD36FEC547A}.Release|Any CPU.Build.0 = Release|Any CPU
		{1C8B9717-588F-4739-BD8E-DAD36FEC547A}.Release|x64.ActiveCfg = Release|Any CPU
		{1C8B9717-588F-4739-BD8E-DAD36FEC547A}.Release|x64.Build.0 = Release|Any CPU
		{1C8B9717-588F-4739-BD8E-DAD36FEC547A}.Release|x86.ActiveCfg = Release|Any CPU
		{1C8B9717-588F-4739-BD8E-DAD36FEC547A}.Release|x86.Build.0 = Release|Any CPU
	EndGlobalSection
EndGlobal
